
Microsoft Visual Studio Solution File, Format Version 12.00
# Visual Studio Version 16
VisualStudioVersion = 16.0.31624.102
MinimumVisualStudioVersion = 10.0.40219.1
Project("{8BC9CEB8-8B4A-11D0-8D11-00A0C91BC942}") = "v1.1", "v1.1\v1.1.vcxproj", "{75801122-7E8E-416A-821F-ADBB3308E88A}"
EndProject
Global
	GlobalSection(SolutionConfigurationPlatforms) = preSolution
		Debug|x64 = Debug|x64
		Debug|x86 = Debug|x86
		Release|x64 = Release|x64
		Release|x86 = Release|x86
	EndGlobalSection
	GlobalSection(ProjectConfigurationPlatforms) = postSolution
		{75801122-7E8E-416A-821F-ADBB3308E88A}.Debug|x64.ActiveCfg = Debug|x64
		{75801122-7E8E-416A-821F-ADBB3308E88A}.Debug|x64.Build.0 = Debug|x64
		{75801122-7E8E-416A-821F-ADBB3308E88A}.Debug|x86.ActiveCfg = Debug|Win32
		{75801122-7E8E-416A-821F-ADBB3308E88A}.Debug|x86.Build.0 = Debug|Win32
		{75801122-7E8E-416A-821F-ADBB3308E88A}.Release|x64.ActiveCfg = Release|x64
		{75801122-7E8E-416A-821F-ADBB3308E88A}.Release|x64.Build.0 = Release|x64
		{75801122-7E8E-416A-821F-ADBB3308E88A}.Release|x86.ActiveCfg = Release|Win32
		{75801122-7E8E-416A-821F-ADBB3308E88A}.Release|x86.Build.0 = Release|Win32
	EndGlobalSection
	GlobalSection(SolutionProperties) = preSolution
		HideSolutionNode = FALSE
	EndGlobalSection
	GlobalSection(ExtensibilityGlobals) = postSolution
		SolutionGuid = {7764EFC3-FDEA-4B1B-A9A1-CFCC9EBB8A50}
	EndGlobalSection
EndGlobal
